
Microsoft Visual Studio Solution File, Format Version 12.00
# Visual Studio Version 16
VisualStudioVersion = 16.0.30803.129
MinimumVisualStudioVersion = 10.0.40219.1
Project("{FAE04EC0-301F-11D3-BF4B-00C04F79EFBC}") = "BowlingApp", "BowlingApp\BowlingApp.csproj", "{8876236D-2A33-4445-8FB9-BAC8CFD1549D}"
EndProject
Project("{FAE04EC0-301F-11D3-BF4B-00C04F79EFBC}") = "BowlingApp.Models", "BowlingApp.Models\BowlingApp.Models.csproj", "{A76AE4D0-96E6-40E3-9D46-65A1E4DA1F85}"
EndProject
Project("{FAE04EC0-301F-11D3-BF4B-00C04F79EFBC}") = "BowlingApp.Models.Tests", "BowlingApp.Models.Tests\BowlingApp.Models.Tests.csproj", "{F8862639-9398-41CF-B634-F810502A6E69}"
EndProject
Global
	GlobalSection(SolutionConfigurationPlatforms) = preSolution
		Debug|Any CPU = Debug|Any CPU
		Release|Any CPU = Release|Any CPU
	EndGlobalSection
	GlobalSection(ProjectConfigurationPlatforms) = postSolution
		{8876236D-2A33-4445-8FB9-BAC8CFD1549D}.Debug|Any CPU.ActiveCfg = Debug|Any CPU
		{8876236D-2A33-4445-8FB9-BAC8CFD1549D}.Debug|Any CPU.Build.0 = Debug|Any CPU
		{8876236D-2A33-4445-8FB9-BAC8CFD1549D}.Release|Any CPU.ActiveCfg = Release|Any CPU
		{8876236D-2A33-4445-8FB9-BAC8CFD1549D}.Release|Any CPU.Build.0 = Release|Any CPU
		{A76AE4D0-96E6-40E3-9D46-65A1E4DA1F85}.Debug|Any CPU.ActiveCfg = Debug|Any CPU
		{A76AE4D0-96E6-40E3-9D46-65A1E4DA1F85}.Debug|Any CPU.Build.0 = Debug|Any CPU
		{A76AE4D0-96E6-40E3-9D46-65A1E4DA1F85}.Release|Any CPU.ActiveCfg = Release|Any CPU
		{A76AE4D0-96E6-40E3-9D46-65A1E4DA1F85}.Release|Any CPU.Build.0 = Release|Any CPU
		{F8862639-9398-41CF-B634-F810502A6E69}.Debug|Any CPU.ActiveCfg = Debug|Any CPU
		{F8862639-9398-41CF-B634-F810502A6E69}.Debug|Any CPU.Build.0 = Debug|Any CPU
		{F8862639-9398-41CF-B634-F810502A6E69}.Release|Any CPU.ActiveCfg = Release|Any CPU
		{F8862639-9398-41CF-B634-F810502A6E69}.Release|Any CPU.Build.0 = Release|Any CPU
	EndGlobalSection
	GlobalSection(SolutionProperties) = preSolution
		HideSolutionNode = FALSE
	EndGlobalSection
	GlobalSection(ExtensibilityGlobals) = postSolution
		SolutionGuid = {05DBD504-D8BF-40A2-B941-D58ACE8C5022}
	EndGlobalSection
EndGlobal
